
Microsoft Visual Studio Solution File, Format Version 12.00
# Visual Studio 15
VisualStudioVersion = 15.0.28307.539
MinimumVisualStudioVersion = 10.0.40219.1
Project("{FAE04EC0-301F-11D3-BF4B-00C04F79EFBC}") = "Xadrez_Game", "ConsoleApp1\Xadrez_Game.csproj", "{EC6E7F75-87F0-4E1C-B519-481ECB3CA189}"
EndProject
Global
	GlobalSection(SolutionConfigurationPlatforms) = preSolution
		Debug|Any CPU = Debug|Any CPU
		Release|Any CPU = Release|Any CPU
	EndGlobalSection
	GlobalSection(ProjectConfigurationPlatforms) = postSolution
		{EC6E7F75-87F0-4E1C-B519-481ECB3CA189}.Debug|Any CPU.ActiveCfg = Debug|Any CPU
		{EC6E7F75-87F0-4E1C-B519-481ECB3CA189}.Debug|Any CPU.Build.0 = Debug|Any CPU
		{EC6E7F75-87F0-4E1C-B519-481ECB3CA189}.Release|Any CPU.ActiveCfg = Release|Any CPU
		{EC6E7F75-87F0-4E1C-B519-481ECB3CA189}.Release|Any CPU.Build.0 = Release|Any CPU
	EndGlobalSection
	GlobalSection(SolutionProperties) = preSolution
		HideSolutionNode = FALSE
	EndGlobalSection
	GlobalSection(ExtensibilityGlobals) = postSolution
		SolutionGuid = {18B4C8F1-5122-4BE9-A3D0-EFECFF397498}
	EndGlobalSection
EndGlobal
